
Microsoft Visual Studio Solution File, Format Version 12.00
# Visual Studio Version 16
VisualStudioVersion = 16.0.29215.179
MinimumVisualStudioVersion = 10.0.40219.1
Project("{FAE04EC0-301F-11D3-BF4B-00C04F79EFBC}") = "MarkdownGenerator", "MarkdownGenerator\MarkdownGenerator.csproj", "{2058B4FD-7008-4213-A2A5-9C730446CCE3}"
EndProject
Global
	GlobalSection(SolutionConfigurationPlatforms) = preSolution
		Debug|Any CPU = Debug|Any CPU
		Release|Any CPU = Release|Any CPU
	EndGlobalSection
	GlobalSection(ProjectConfigurationPlatforms) = postSolution
		{2058B4FD-7008-4213-A2A5-9C730446CCE3}.Debug|Any CPU.ActiveCfg = Debug|Any CPU
		{2058B4FD-7008-4213-A2A5-9C730446CCE3}.Debug|Any CPU.Build.0 = Debug|Any CPU
		{2058B4FD-7008-4213-A2A5-9C730446CCE3}.Release|Any CPU.ActiveCfg = Release|Any CPU
		{2058B4FD-7008-4213-A2A5-9C730446CCE3}.Release|Any CPU.Build.0 = Release|Any CPU
	EndGlobalSection
	GlobalSection(SolutionProperties) = preSolution
		HideSolutionNode = FALSE
	EndGlobalSection
EndGlobal
